
Microsoft Visual Studio Solution File, Format Version 12.00
# Visual Studio Version 16
VisualStudioVersion = 16.0.33130.400
MinimumVisualStudioVersion = 10.0.40219.1
Project("{8BC9CEB8-8B4A-11D0-8D11-00A0C91BC942}") = "study11", "study11\study11.vcxproj", "{B5734C31-D7E5-477F-9CA9-0E87DBD9E651}"
EndProject
Global
	GlobalSection(SolutionConfigurationPlatforms) = preSolution
		Debug|x64 = Debug|x64
		Debug|x86 = Debug|x86
		Release|x64 = Release|x64
		Release|x86 = Release|x86
	EndGlobalSection
	GlobalSection(ProjectConfigurationPlatforms) = postSolution
		{B5734C31-D7E5-477F-9CA9-0E87DBD9E651}.Debug|x64.ActiveCfg = Debug|x64
		{B5734C31-D7E5-477F-9CA9-0E87DBD9E651}.Debug|x64.Build.0 = Debug|x64
		{B5734C31-D7E5-477F-9CA9-0E87DBD9E651}.Debug|x86.ActiveCfg = Debug|Win32
		{B5734C31-D7E5-477F-9CA9-0E87DBD9E651}.Debug|x86.Build.0 = Debug|Win32
		{B5734C31-D7E5-477F-9CA9-0E87DBD9E651}.Release|x64.ActiveCfg = Release|x64
		{B5734C31-D7E5-477F-9CA9-0E87DBD9E651}.Release|x64.Build.0 = Release|x64
		{B5734C31-D7E5-477F-9CA9-0E87DBD9E651}.Release|x86.ActiveCfg = Release|Win32
		{B5734C31-D7E5-477F-9CA9-0E87DBD9E651}.Release|x86.Build.0 = Release|Win32
	EndGlobalSection
	GlobalSection(SolutionProperties) = preSolution
		HideSolutionNode = FALSE
	EndGlobalSection
	GlobalSection(ExtensibilityGlobals) = postSolution
		SolutionGuid = {858E1117-34FA-477D-875B-D923B4E7D40B}
	EndGlobalSection
EndGlobal
